
Microsoft Visual Studio Solution File, Format Version 12.00
# Visual Studio Version 17
VisualStudioVersion = 17.11.35222.181
MinimumVisualStudioVersion = 10.0.40219.1
Project("{FAE04EC0-301F-11D3-BF4B-00C04F79EFBC}") = "2024_09_05_aknakereso2", "2024_09_05_aknakereso2\2024_09_05_aknakereso2.csproj", "{ED2D9F09-B407-491F-84DA-6AA9B8A54216}"
EndProject
Global
	GlobalSection(SolutionConfigurationPlatforms) = preSolution
		Debug|Any CPU = Debug|Any CPU
		Release|Any CPU = Release|Any CPU
	EndGlobalSection
	GlobalSection(ProjectConfigurationPlatforms) = postSolution
		{ED2D9F09-B407-491F-84DA-6AA9B8A54216}.Debug|Any CPU.ActiveCfg = Debug|Any CPU
		{ED2D9F09-B407-491F-84DA-6AA9B8A54216}.Debug|Any CPU.Build.0 = Debug|Any CPU
		{ED2D9F09-B407-491F-84DA-6AA9B8A54216}.Release|Any CPU.ActiveCfg = Release|Any CPU
		{ED2D9F09-B407-491F-84DA-6AA9B8A54216}.Release|Any CPU.Build.0 = Release|Any CPU
	EndGlobalSection
	GlobalSection(SolutionProperties) = preSolution
		HideSolutionNode = FALSE
	EndGlobalSection
	GlobalSection(ExtensibilityGlobals) = postSolution
		SolutionGuid = {E7EE2ACE-8381-44AC-9C72-5ECB8AB260C8}
	EndGlobalSection
EndGlobal
